
Microsoft Visual Studio Solution File, Format Version 12.00
# Visual Studio Version 16
VisualStudioVersion = 16.0.29920.165
MinimumVisualStudioVersion = 10.0.40219.1
Project("{FAE04EC0-301F-11D3-BF4B-00C04F79EFBC}") = "PCA", "PCA\PCA.csproj", "{3B2662ED-8BF4-447B-AD31-944F9C9BAFF1}"
EndProject
Global
	GlobalSection(SolutionConfigurationPlatforms) = preSolution
		Debug|Any CPU = Debug|Any CPU
		Release|Any CPU = Release|Any CPU
	EndGlobalSection
	GlobalSection(ProjectConfigurationPlatforms) = postSolution
		{3B2662ED-8BF4-447B-AD31-944F9C9BAFF1}.Debug|Any CPU.ActiveCfg = Debug|Any CPU
		{3B2662ED-8BF4-447B-AD31-944F9C9BAFF1}.Debug|Any CPU.Build.0 = Debug|Any CPU
		{3B2662ED-8BF4-447B-AD31-944F9C9BAFF1}.Release|Any CPU.ActiveCfg = Release|Any CPU
		{3B2662ED-8BF4-447B-AD31-944F9C9BAFF1}.Release|Any CPU.Build.0 = Release|Any CPU
	EndGlobalSection
	GlobalSection(SolutionProperties) = preSolution
		HideSolutionNode = FALSE
	EndGlobalSection
	GlobalSection(ExtensibilityGlobals) = postSolution
		SolutionGuid = {4E0D2637-F59D-4CC5-A98F-8C047836F3AE}
	EndGlobalSection
EndGlobal
